
Microsoft Visual Studio Solution File, Format Version 12.00
# Visual Studio Version 17
VisualStudioVersion = 17.0.31903.59
MinimumVisualStudioVersion = 10.0.40219.1
Project("{FAE04EC0-301F-11D3-BF4B-00C04F79EFBC}") = "Todo.Domain", "Todo.Domain\Todo.Domain.csproj", "{AC40DB25-36D2-4F35-A239-8DA4D41E0856}"
EndProject
Project("{FAE04EC0-301F-11D3-BF4B-00C04F79EFBC}") = "Todo.Domain.Api", "Todo.Domain.Api\Todo.Domain.Api.csproj", "{D8D0A948-17A9-4E88-B68D-72494C7DA74E}"
EndProject
Project("{FAE04EC0-301F-11D3-BF4B-00C04F79EFBC}") = "Todo.Domain.Tests", "Todo.Domain.Tests\Todo.Domain.Tests.csproj", "{84264C9A-892B-4110-9B7B-9F074F504CC8}"
EndProject
Project("{FAE04EC0-301F-11D3-BF4B-00C04F79EFBC}") = "Todo.Domain.Infra", "Todo.Domain.Infra\Todo.Domain.Infra.csproj", "{9C182CFA-AE98-476C-ABF6-3EC3E320F50C}"
EndProject
Global
	GlobalSection(SolutionConfigurationPlatforms) = preSolution
		Debug|Any CPU = Debug|Any CPU
		Release|Any CPU = Release|Any CPU
	EndGlobalSection
	GlobalSection(SolutionProperties) = preSolution
		HideSolutionNode = FALSE
	EndGlobalSection
	GlobalSection(ProjectConfigurationPlatforms) = postSolution
		{AC40DB25-36D2-4F35-A239-8DA4D41E0856}.Debug|Any CPU.ActiveCfg = Debug|Any CPU
		{AC40DB25-36D2-4F35-A239-8DA4D41E0856}.Debug|Any CPU.Build.0 = Debug|Any CPU
		{AC40DB25-36D2-4F35-A239-8DA4D41E0856}.Release|Any CPU.ActiveCfg = Release|Any CPU
		{AC40DB25-36D2-4F35-A239-8DA4D41E0856}.Release|Any CPU.Build.0 = Release|Any CPU
		{D8D0A948-17A9-4E88-B68D-72494C7DA74E}.Debug|Any CPU.ActiveCfg = Debug|Any CPU
		{D8D0A948-17A9-4E88-B68D-72494C7DA74E}.Debug|Any CPU.Build.0 = Debug|Any CPU
		{D8D0A948-17A9-4E88-B68D-72494C7DA74E}.Release|Any CPU.ActiveCfg = Release|Any CPU
		{D8D0A948-17A9-4E88-B68D-72494C7DA74E}.Release|Any CPU.Build.0 = Release|Any CPU
		{84264C9A-892B-4110-9B7B-9F074F504CC8}.Debug|Any CPU.ActiveCfg = Debug|Any CPU
		{84264C9A-892B-4110-9B7B-9F074F504CC8}.Debug|Any CPU.Build.0 = Debug|Any CPU
		{84264C9A-892B-4110-9B7B-9F074F504CC8}.Release|Any CPU.ActiveCfg = Release|Any CPU
		{84264C9A-892B-4110-9B7B-9F074F504CC8}.Release|Any CPU.Build.0 = Release|Any CPU
		{9C182CFA-AE98-476C-ABF6-3EC3E320F50C}.Debug|Any CPU.ActiveCfg = Debug|Any CPU
		{9C182CFA-AE98-476C-ABF6-3EC3E320F50C}.Debug|Any CPU.Build.0 = Debug|Any CPU
		{9C182CFA-AE98-476C-ABF6-3EC3E320F50C}.Release|Any CPU.ActiveCfg = Release|Any CPU
		{9C182CFA-AE98-476C-ABF6-3EC3E320F50C}.Release|Any CPU.Build.0 = Release|Any CPU
	EndGlobalSection
EndGlobal
